
Microsoft Visual Studio Solution File, Format Version 12.00
# Visual Studio Version 17
VisualStudioVersion = 17.3.32811.315
MinimumVisualStudioVersion = 10.0.40219.1
Project("{9A19103F-16F7-4668-BE54-9A1E7A4F7556}") = "AwsTestingSolution", "AwsTestingSolution\AwsTestingSolution.csproj", "{B30CE9BF-7021-49BB-B657-33D13C499042}"
EndProject
Global
	GlobalSection(SolutionConfigurationPlatforms) = preSolution
		Debug|Any CPU = Debug|Any CPU
		Release|Any CPU = Release|Any CPU
	EndGlobalSection
	GlobalSection(ProjectConfigurationPlatforms) = postSolution
		{B30CE9BF-7021-49BB-B657-33D13C499042}.Debug|Any CPU.ActiveCfg = Debug|Any CPU
		{B30CE9BF-7021-49BB-B657-33D13C499042}.Debug|Any CPU.Build.0 = Debug|Any CPU
		{B30CE9BF-7021-49BB-B657-33D13C499042}.Release|Any CPU.ActiveCfg = Release|Any CPU
		{B30CE9BF-7021-49BB-B657-33D13C499042}.Release|Any CPU.Build.0 = Release|Any CPU
	EndGlobalSection
	GlobalSection(SolutionProperties) = preSolution
		HideSolutionNode = FALSE
	EndGlobalSection
	GlobalSection(ExtensibilityGlobals) = postSolution
		SolutionGuid = {4411290E-1A36-4E3F-9EBB-E94F51E0833D}
	EndGlobalSection
EndGlobal
